// !$*UTF8*$!
{
	archiveVersion = 1;
	classes = {
	};
	objectVersion = 56;
	objects = {

/* Begin PBXBuildFile section */
		601168DB2912860000BC4EB9 /* MatchesListDisplay.swift in Sources */ = {isa = PBXBuildFile; fileRef = 601168DA2912860000BC4EB9 /* MatchesListDisplay.swift */; };
		601168DD2912973B00BC4EB9 /* String+Date.swift in Sources */ = {isa = PBXBuildFile; fileRef = 601168DC2912973B00BC4EB9 /* String+Date.swift */; };
		602A80B12912EBCC0081A35A /* TeamDetailsViewController.swift in Sources */ = {isa = PBXBuildFile; fileRef = 602A80B02912EBCC0081A35A /* TeamDetailsViewController.swift */; };
		602A80B32912EC1D0081A35A /* TeamDetailsViewModel.swift in Sources */ = {isa = PBXBuildFile; fileRef = 602A80B22912EC1D0081A35A /* TeamDetailsViewModel.swift */; };
		602A80B52912F2F90081A35A /* TeamDetailsCoordinator.swift in Sources */ = {isa = PBXBuildFile; fileRef = 602A80B42912F2F90081A35A /* TeamDetailsCoordinator.swift */; };
		608282B72911323F007C7F49 /* LeagueComponent.swift in Sources */ = {isa = PBXBuildFile; fileRef = 608282B62911323F007C7F49 /* LeagueComponent.swift */; };
		608282B9291135A2007C7F49 /* UIView+RoundCorners.swift in Sources */ = {isa = PBXBuildFile; fileRef = 608282B8291135A2007C7F49 /* UIView+RoundCorners.swift */; };
		608282BB291145B8007C7F49 /* TimeView.swift in Sources */ = {isa = PBXBuildFile; fileRef = 608282BA291145B8007C7F49 /* TimeView.swift */; };
		608DF1032913C755005B0DE5 /* PlayerView.swift in Sources */ = {isa = PBXBuildFile; fileRef = 608DF1022913C755005B0DE5 /* PlayerView.swift */; };
		608DF1072913DF19005B0DE5 /* CSTV.plist in Resources */ = {isa = PBXBuildFile; fileRef = 608DF1062913DF19005B0DE5 /* CSTV.plist */; };
		60A3EE24290EA176009C2C85 /* AppDelegate.swift in Sources */ = {isa = PBXBuildFile; fileRef = 60A3EE23290EA176009C2C85 /* AppDelegate.swift */; };
		60A3EE26290EA176009C2C85 /* SceneDelegate.swift in Sources */ = {isa = PBXBuildFile; fileRef = 60A3EE25290EA176009C2C85 /* SceneDelegate.swift */; };
		60A3EE28290EA176009C2C85 /* MatchesListViewController.swift in Sources */ = {isa = PBXBuildFile; fileRef = 60A3EE27290EA176009C2C85 /* MatchesListViewController.swift */; };
		60A3EE2D290EA17A009C2C85 /* Assets.xcassets in Resources */ = {isa = PBXBuildFile; fileRef = 60A3EE2C290EA17A009C2C85 /* Assets.xcassets */; };
		60A3EE30290EA17A009C2C85 /* LaunchScreen.storyboard in Resources */ = {isa = PBXBuildFile; fileRef = 60A3EE2E290EA17A009C2C85 /* LaunchScreen.storyboard */; };
		60A3EE3B290EA17C009C2C85 /* CSTVTests.swift in Sources */ = {isa = PBXBuildFile; fileRef = 60A3EE3A290EA17C009C2C85 /* CSTVTests.swift */; };
		60A3EE55290EA74D009C2C85 /* Coordinator.swift in Sources */ = {isa = PBXBuildFile; fileRef = 60A3EE54290EA74D009C2C85 /* Coordinator.swift */; };
		60A3EE57290EA772009C2C85 /* AppCoordinator.swift in Sources */ = {isa = PBXBuildFile; fileRef = 60A3EE56290EA772009C2C85 /* AppCoordinator.swift */; };
		60A3EE59290EA825009C2C85 /* MatchesListCoordinator.swift in Sources */ = {isa = PBXBuildFile; fileRef = 60A3EE58290EA825009C2C85 /* MatchesListCoordinator.swift */; };
		60A3EE60290EAAD9009C2C85 /* NetworkService.swift in Sources */ = {isa = PBXBuildFile; fileRef = 60A3EE5F290EAAD9009C2C85 /* NetworkService.swift */; };
		60A3EE62290EAF4D009C2C85 /* NetworkError.swift in Sources */ = {isa = PBXBuildFile; fileRef = 60A3EE61290EAF4D009C2C85 /* NetworkError.swift */; };
		60A3EE64290EAF58009C2C85 /* HttpMethod.swift in Sources */ = {isa = PBXBuildFile; fileRef = 60A3EE63290EAF58009C2C85 /* HttpMethod.swift */; };
		60A3EE66290EB312009C2C85 /* Endpoint.swift in Sources */ = {isa = PBXBuildFile; fileRef = 60A3EE65290EB312009C2C85 /* Endpoint.swift */; };
		60A3EE68290EBBC2009C2C85 /* MatchesListService.swift in Sources */ = {isa = PBXBuildFile; fileRef = 60A3EE67290EBBC2009C2C85 /* MatchesListService.swift */; };
		60A3EE6C290EBC7E009C2C85 /* Match.swift in Sources */ = {isa = PBXBuildFile; fileRef = 60A3EE6B290EBC7E009C2C85 /* Match.swift */; };
		60A3EE6E290EE370009C2C85 /* TeamDetails.swift in Sources */ = {isa = PBXBuildFile; fileRef = 60A3EE6D290EE370009C2C85 /* TeamDetails.swift */; };
		60A3EE70290EE4BD009C2C85 /* TeamDetailsService.swift in Sources */ = {isa = PBXBuildFile; fileRef = 60A3EE6F290EE4BD009C2C85 /* TeamDetailsService.swift */; };
		60B6DB182911C2FE007E886B /* BadgeComponent.swift in Sources */ = {isa = PBXBuildFile; fileRef = 60B6DB172911C2FE007E886B /* BadgeComponent.swift */; };
		60B827F5290FD4A9005A70F3 /* MatchesListViewModel.swift in Sources */ = {isa = PBXBuildFile; fileRef = 60B827F4290FD4A9005A70F3 /* MatchesListViewModel.swift */; };
		60B827F8290FE0D4005A70F3 /* UIViewController+Spinner.swift in Sources */ = {isa = PBXBuildFile; fileRef = 60B827F7290FE0D4005A70F3 /* UIViewController+Spinner.swift */; };
		60B827FB290FE10B005A70F3 /* MatchesListCell.swift in Sources */ = {isa = PBXBuildFile; fileRef = 60B827FA290FE10B005A70F3 /* MatchesListCell.swift */; };
		60B827FD290FE2A7005A70F3 /* UIViewController+Alert.swift in Sources */ = {isa = PBXBuildFile; fileRef = 60B827FC290FE2A7005A70F3 /* UIViewController+Alert.swift */; };
		60B82800290FE4B6005A70F3 /* Kingfisher in Frameworks */ = {isa = PBXBuildFile; productRef = 60B827FF290FE4B6005A70F3 /* Kingfisher */; };
		60B82802290FF06E005A70F3 /* UIColor.swift in Sources */ = {isa = PBXBuildFile; fileRef = 60B82801290FF06E005A70F3 /* UIColor.swift */; };
		60C9DE6E2912FF18007C1D05 /* TeamDetailsDisplay.swift in Sources */ = {isa = PBXBuildFile; fileRef = 60C9DE6D2912FF18007C1D05 /* TeamDetailsDisplay.swift */; };
/* End PBXBuildFile section */

/* Begin PBXContainerItemProxy section */
		60A3EE37290EA17C009C2C85 /* PBXContainerItemProxy */ = {
			isa = PBXContainerItemProxy;
			containerPortal = 60A3EE18290EA176009C2C85 /* Project object */;
			proxyType = 1;
			remoteGlobalIDString = 60A3EE1F290EA176009C2C85;
			remoteInfo = CSTV;
		};
/* End PBXContainerItemProxy section */

/* Begin PBXFileReference section */
		601168DA2912860000BC4EB9 /* MatchesListDisplay.swift */ = {isa = PBXFileReference; lastKnownFileType = sourcecode.swift; path = MatchesListDisplay.swift; sourceTree = "<group>"; };
		601168DC2912973B00BC4EB9 /* String+Date.swift */ = {isa = PBXFileReference; lastKnownFileType = sourcecode.swift; path = "String+Date.swift"; sourceTree = "<group>"; };
		602A80B02912EBCC0081A35A /* TeamDetailsViewController.swift */ = {isa = PBXFileReference; lastKnownFileType = sourcecode.swift; path = TeamDetailsViewController.swift; sourceTree = "<group>"; };
		602A80B22912EC1D0081A35A /* TeamDetailsViewModel.swift */ = {isa = PBXFileReference; lastKnownFileType = sourcecode.swift; path = TeamDetailsViewModel.swift; sourceTree = "<group>"; };
		602A80B42912F2F90081A35A /* TeamDetailsCoordinator.swift */ = {isa = PBXFileReference; lastKnownFileType = sourcecode.swift; path = TeamDetailsCoordinator.swift; sourceTree = "<group>"; };
		608282B62911323F007C7F49 /* LeagueComponent.swift */ = {isa = PBXFileReference; lastKnownFileType = sourcecode.swift; path = LeagueComponent.swift; sourceTree = "<group>"; };
		608282B8291135A2007C7F49 /* UIView+RoundCorners.swift */ = {isa = PBXFileReference; lastKnownFileType = sourcecode.swift; path = "UIView+RoundCorners.swift"; sourceTree = "<group>"; };
		608282BA291145B8007C7F49 /* TimeView.swift */ = {isa = PBXFileReference; lastKnownFileType = sourcecode.swift; path = TimeView.swift; sourceTree = "<group>"; };
		608DF1022913C755005B0DE5 /* PlayerView.swift */ = {isa = PBXFileReference; lastKnownFileType = sourcecode.swift; path = PlayerView.swift; sourceTree = "<group>"; };
		608DF1062913DF19005B0DE5 /* CSTV.plist */ = {isa = PBXFileReference; lastKnownFileType = text.plist.xml; path = CSTV.plist; sourceTree = "<group>"; };
		60A3EE20290EA176009C2C85 /* CSTV.app */ = {isa = PBXFileReference; explicitFileType = wrapper.application; includeInIndex = 0; path = CSTV.app; sourceTree = BUILT_PRODUCTS_DIR; };
		60A3EE23290EA176009C2C85 /* AppDelegate.swift */ = {isa = PBXFileReference; lastKnownFileType = sourcecode.swift; path = AppDelegate.swift; sourceTree = "<group>"; };
		60A3EE25290EA176009C2C85 /* SceneDelegate.swift */ = {isa = PBXFileReference; lastKnownFileType = sourcecode.swift; path = SceneDelegate.swift; sourceTree = "<group>"; };
		60A3EE27290EA176009C2C85 /* MatchesListViewController.swift */ = {isa = PBXFileReference; lastKnownFileType = sourcecode.swift; path = MatchesListViewController.swift; sourceTree = "<group>"; };
		60A3EE2C290EA17A009C2C85 /* Assets.xcassets */ = {isa = PBXFileReference; lastKnownFileType = folder.assetcatalog; path = Assets.xcassets; sourceTree = "<group>"; };
		60A3EE2F290EA17A009C2C85 /* Base */ = {isa = PBXFileReference; lastKnownFileType = file.storyboard; name = Base; path = Base.lproj/LaunchScreen.storyboard; sourceTree = "<group>"; };
		60A3EE31290EA17B009C2C85 /* Info.plist */ = {isa = PBXFileReference; lastKnownFileType = text.plist.xml; path = Info.plist; sourceTree = "<group>"; };
		60A3EE36290EA17C009C2C85 /* CSTVTests.xctest */ = {isa = PBXFileReference; explicitFileType = wrapper.cfbundle; includeInIndex = 0; path = CSTVTests.xctest; sourceTree = BUILT_PRODUCTS_DIR; };
		60A3EE3A290EA17C009C2C85 /* CSTVTests.swift */ = {isa = PBXFileReference; lastKnownFileType = sourcecode.swift; path = CSTVTests.swift; sourceTree = "<group>"; };
		60A3EE54290EA74D009C2C85 /* Coordinator.swift */ = {isa = PBXFileReference; lastKnownFileType = sourcecode.swift; path = Coordinator.swift; sourceTree = "<group>"; };
		60A3EE56290EA772009C2C85 /* AppCoordinator.swift */ = {isa = PBXFileReference; lastKnownFileType = sourcecode.swift; path = AppCoordinator.swift; sourceTree = "<group>"; };
		60A3EE58290EA825009C2C85 /* MatchesListCoordinator.swift */ = {isa = PBXFileReference; lastKnownFileType = sourcecode.swift; path = MatchesListCoordinator.swift; sourceTree = "<group>"; };
		60A3EE5F290EAAD9009C2C85 /* NetworkService.swift */ = {isa = PBXFileReference; lastKnownFileType = sourcecode.swift; path = NetworkService.swift; sourceTree = "<group>"; };
		60A3EE61290EAF4D009C2C85 /* NetworkError.swift */ = {isa = PBXFileReference; lastKnownFileType = sourcecode.swift; path = NetworkError.swift; sourceTree = "<group>"; };
		60A3EE63290EAF58009C2C85 /* HttpMethod.swift */ = {isa = PBXFileReference; lastKnownFileType = sourcecode.swift; path = HttpMethod.swift; sourceTree = "<group>"; };
		60A3EE65290EB312009C2C85 /* Endpoint.swift */ = {isa = PBXFileReference; lastKnownFileType = sourcecode.swift; path = Endpoint.swift; sourceTree = "<group>"; };
		60A3EE67290EBBC2009C2C85 /* MatchesListService.swift */ = {isa = PBXFileReference; lastKnownFileType = sourcecode.swift; path = MatchesListService.swift; sourceTree = "<group>"; };
		60A3EE6B290EBC7E009C2C85 /* Match.swift */ = {isa = PBXFileReference; lastKnownFileType = sourcecode.swift; path = Match.swift; sourceTree = "<group>"; };
		60A3EE6D290EE370009C2C85 /* TeamDetails.swift */ = {isa = PBXFileReference; lastKnownFileType = sourcecode.swift; path = TeamDetails.swift; sourceTree = "<group>"; };
		60A3EE6F290EE4BD009C2C85 /* TeamDetailsService.swift */ = {isa = PBXFileReference; lastKnownFileType = sourcecode.swift; path = TeamDetailsService.swift; sourceTree = "<group>"; };
		60B6DB172911C2FE007E886B /* BadgeComponent.swift */ = {isa = PBXFileReference; lastKnownFileType = sourcecode.swift; path = BadgeComponent.swift; sourceTree = "<group>"; };
		60B827F4290FD4A9005A70F3 /* MatchesListViewModel.swift */ = {isa = PBXFileReference; lastKnownFileType = sourcecode.swift; path = MatchesListViewModel.swift; sourceTree = "<group>"; };
		60B827F7290FE0D4005A70F3 /* UIViewController+Spinner.swift */ = {isa = PBXFileReference; lastKnownFileType = sourcecode.swift; path = "UIViewController+Spinner.swift"; sourceTree = "<group>"; };
		60B827FA290FE10B005A70F3 /* MatchesListCell.swift */ = {isa = PBXFileReference; lastKnownFileType = sourcecode.swift; path = MatchesListCell.swift; sourceTree = "<group>"; };
		60B827FC290FE2A7005A70F3 /* UIViewController+Alert.swift */ = {isa = PBXFileReference; lastKnownFileType = sourcecode.swift; path = "UIViewController+Alert.swift"; sourceTree = "<group>"; };
		60B82801290FF06E005A70F3 /* UIColor.swift */ = {isa = PBXFileReference; lastKnownFileType = sourcecode.swift; path = UIColor.swift; sourceTree = "<group>"; };
		60C9DE6D2912FF18007C1D05 /* TeamDetailsDisplay.swift */ = {isa = PBXFileReference; lastKnownFileType = sourcecode.swift; path = TeamDetailsDisplay.swift; sourceTree = "<group>"; };
/* End PBXFileReference section */

/* Begin PBXFrameworksBuildPhase section */
		60A3EE1D290EA176009C2C85 /* Frameworks */ = {
			isa = PBXFrameworksBuildPhase;
			buildActionMask = 2147483647;
			files = (
				60B82800290FE4B6005A70F3 /* Kingfisher in Frameworks */,
			);
			runOnlyForDeploymentPostprocessing = 0;
		};
		60A3EE33290EA17C009C2C85 /* Frameworks */ = {
			isa = PBXFrameworksBuildPhase;
			buildActionMask = 2147483647;
			files = (
			);
			runOnlyForDeploymentPostprocessing = 0;
		};
/* End PBXFrameworksBuildPhase section */

/* Begin PBXGroup section */
		602A80AD2912EBA70081A35A /* TeamDetails */ = {
			isa = PBXGroup;
			children = (
				602A80B02912EBCC0081A35A /* TeamDetailsViewController.swift */,
				602A80B22912EC1D0081A35A /* TeamDetailsViewModel.swift */,
			);
			path = TeamDetails;
			sourceTree = "<group>";
		};
		608282B52911321E007C7F49 /* Components */ = {
			isa = PBXGroup;
			children = (
				60B6DB172911C2FE007E886B /* BadgeComponent.swift */,
				608282B62911323F007C7F49 /* LeagueComponent.swift */,
				608282BA291145B8007C7F49 /* TimeView.swift */,
				608DF1022913C755005B0DE5 /* PlayerView.swift */,
			);
			path = Components;
			sourceTree = "<group>";
		};
		60A3EE17290EA176009C2C85 = {
			isa = PBXGroup;
			children = (
				60A3EE22290EA176009C2C85 /* CSTV */,
				60A3EE39290EA17C009C2C85 /* CSTVTests */,
				60A3EE21290EA176009C2C85 /* Products */,
			);
			sourceTree = "<group>";
		};
		60A3EE21290EA176009C2C85 /* Products */ = {
			isa = PBXGroup;
			children = (
				60A3EE20290EA176009C2C85 /* CSTV.app */,
				60A3EE36290EA17C009C2C85 /* CSTVTests.xctest */,
			);
			name = Products;
			sourceTree = "<group>";
		};
		60A3EE22290EA176009C2C85 /* CSTV */ = {
			isa = PBXGroup;
			children = (
				60B827F6290FE0C6005A70F3 /* Helpers */,
				60A3EE5C290EAA04009C2C85 /* Resources */,
				60A3EE53290EA73F009C2C85 /* Coordinators */,
				60A3EE5A290EA975009C2C85 /* Scenes */,
				60A3EE6A290EBBE8009C2C85 /* Models */,
				60A3EE5D290EAAB0009C2C85 /* Service */,
			);
			path = CSTV;
			sourceTree = "<group>";
		};
		60A3EE39290EA17C009C2C85 /* CSTVTests */ = {
			isa = PBXGroup;
			children = (
				60A3EE3A290EA17C009C2C85 /* CSTVTests.swift */,
			);
			path = CSTVTests;
			sourceTree = "<group>";
		};
		60A3EE53290EA73F009C2C85 /* Coordinators */ = {
			isa = PBXGroup;
			children = (
				60A3EE54290EA74D009C2C85 /* Coordinator.swift */,
				60A3EE56290EA772009C2C85 /* AppCoordinator.swift */,
				60A3EE58290EA825009C2C85 /* MatchesListCoordinator.swift */,
				602A80B42912F2F90081A35A /* TeamDetailsCoordinator.swift */,
			);
			path = Coordinators;
			sourceTree = "<group>";
		};
		60A3EE5A290EA975009C2C85 /* Scenes */ = {
			isa = PBXGroup;
			children = (
				602A80AD2912EBA70081A35A /* TeamDetails */,
				608282B52911321E007C7F49 /* Components */,
				60A3EE5B290EA98A009C2C85 /* MatchesList */,
			);
			path = Scenes;
			sourceTree = "<group>";
		};
		60A3EE5B290EA98A009C2C85 /* MatchesList */ = {
			isa = PBXGroup;
			children = (
				60B827F9290FE0F4005A70F3 /* Cell */,
				60A3EE27290EA176009C2C85 /* MatchesListViewController.swift */,
				60B827F4290FD4A9005A70F3 /* MatchesListViewModel.swift */,
			);
			path = MatchesList;
			sourceTree = "<group>";
		};
		60A3EE5C290EAA04009C2C85 /* Resources */ = {
			isa = PBXGroup;
			children = (
				60A3EE23290EA176009C2C85 /* AppDelegate.swift */,
				60A3EE25290EA176009C2C85 /* SceneDelegate.swift */,
				60A3EE2C290EA17A009C2C85 /* Assets.xcassets */,
				60A3EE2E290EA17A009C2C85 /* LaunchScreen.storyboard */,
				60A3EE31290EA17B009C2C85 /* Info.plist */,
			);
			name = Resources;
			sourceTree = "<group>";
		};
		60A3EE5D290EAAB0009C2C85 /* Service */ = {
			isa = PBXGroup;
			children = (
				60A3EE5E290EAAB9009C2C85 /* Network */,
				608DF1062913DF19005B0DE5 /* CSTV.plist */,
				60A3EE67290EBBC2009C2C85 /* MatchesListService.swift */,
				60A3EE6F290EE4BD009C2C85 /* TeamDetailsService.swift */,
			);
			path = Service;
			sourceTree = "<group>";
		};
		60A3EE5E290EAAB9009C2C85 /* Network */ = {
			isa = PBXGroup;
			children = (
				60A3EE5F290EAAD9009C2C85 /* NetworkService.swift */,
				60A3EE63290EAF58009C2C85 /* HttpMethod.swift */,
				60A3EE61290EAF4D009C2C85 /* NetworkError.swift */,
				60A3EE65290EB312009C2C85 /* Endpoint.swift */,
			);
			path = Network;
			sourceTree = "<group>";
		};
		60A3EE6A290EBBE8009C2C85 /* Models */ = {
			isa = PBXGroup;
			children = (
				60A3EE6B290EBC7E009C2C85 /* Match.swift */,
				60A3EE6D290EE370009C2C85 /* TeamDetails.swift */,
				601168DA2912860000BC4EB9 /* MatchesListDisplay.swift */,
				60C9DE6D2912FF18007C1D05 /* TeamDetailsDisplay.swift */,
			);
			path = Models;
			sourceTree = "<group>";
		};
		60B827F6290FE0C6005A70F3 /* Helpers */ = {
			isa = PBXGroup;
			children = (
				60B827F7290FE0D4005A70F3 /* UIViewController+Spinner.swift */,
				60B827FC290FE2A7005A70F3 /* UIViewController+Alert.swift */,
				60B82801290FF06E005A70F3 /* UIColor.swift */,
				608282B8291135A2007C7F49 /* UIView+RoundCorners.swift */,
				601168DC2912973B00BC4EB9 /* String+Date.swift */,
			);
			path = Helpers;
			sourceTree = "<group>";
		};
		60B827F9290FE0F4005A70F3 /* Cell */ = {
			isa = PBXGroup;
			children = (
				60B827FA290FE10B005A70F3 /* MatchesListCell.swift */,
			);
			path = Cell;
			sourceTree = "<group>";
		};
/* End PBXGroup section */

/* Begin PBXNativeTarget section */
		60A3EE1F290EA176009C2C85 /* CSTV */ = {
			isa = PBXNativeTarget;
			buildConfigurationList = 60A3EE4A290EA17C009C2C85 /* Build configuration list for PBXNativeTarget "CSTV" */;
			buildPhases = (
				60A3EE1C290EA176009C2C85 /* Sources */,
				60A3EE1D290EA176009C2C85 /* Frameworks */,
				60A3EE1E290EA176009C2C85 /* Resources */,
			);
			buildRules = (
			);
			dependencies = (
			);
			name = CSTV;
			packageProductDependencies = (
				60B827FF290FE4B6005A70F3 /* Kingfisher */,
			);
			productName = CSTV;
			productReference = 60A3EE20290EA176009C2C85 /* CSTV.app */;
			productType = "com.apple.product-type.application";
		};
		60A3EE35290EA17C009C2C85 /* CSTVTests */ = {
			isa = PBXNativeTarget;
			buildConfigurationList = 60A3EE4D290EA17C009C2C85 /* Build configuration list for PBXNativeTarget "CSTVTests" */;
			buildPhases = (
				60A3EE32290EA17C009C2C85 /* Sources */,
				60A3EE33290EA17C009C2C85 /* Frameworks */,
				60A3EE34290EA17C009C2C85 /* Resources */,
			);
			buildRules = (
			);
			dependencies = (
				60A3EE38290EA17C009C2C85 /* PBXTargetDependency */,
			);
			name = CSTVTests;
			productName = CSTVTests;
			productReference = 60A3EE36290EA17C009C2C85 /* CSTVTests.xctest */;
			productType = "com.apple.product-type.bundle.unit-test";
		};
/* End PBXNativeTarget section */

/* Begin PBXProject section */
		60A3EE18290EA176009C2C85 /* Project object */ = {
			isa = PBXProject;
			attributes = {
				BuildIndependentTargetsInParallel = 1;
				LastSwiftUpdateCheck = 1400;
				LastUpgradeCheck = 1400;
				TargetAttributes = {
					60A3EE1F290EA176009C2C85 = {
						CreatedOnToolsVersion = 14.0.1;
					};
					60A3EE35290EA17C009C2C85 = {
						CreatedOnToolsVersion = 14.0.1;
						TestTargetID = 60A3EE1F290EA176009C2C85;
					};
				};
			};
			buildConfigurationList = 60A3EE1B290EA176009C2C85 /* Build configuration list for PBXProject "CSTV" */;
			compatibilityVersion = "Xcode 14.0";
			developmentRegion = en;
			hasScannedForEncodings = 0;
			knownRegions = (
				en,
				Base,
			);
			mainGroup = 60A3EE17290EA176009C2C85;
			packageReferences = (
				60B827FE290FE4B6005A70F3 /* XCRemoteSwiftPackageReference "Kingfisher" */,
				602A803D2912C4CE0081A35A /* XCRemoteSwiftPackageReference "SDWebImage" */,
			);
			productRefGroup = 60A3EE21290EA176009C2C85 /* Products */;
			projectDirPath = "";
			projectRoot = "";
			targets = (
				60A3EE1F290EA176009C2C85 /* CSTV */,
				60A3EE35290EA17C009C2C85 /* CSTVTests */,
			);
		};
/* End PBXProject section */

/* Begin PBXResourcesBuildPhase section */
		60A3EE1E290EA176009C2C85 /* Resources */ = {
			isa = PBXResourcesBuildPhase;
			buildActionMask = 2147483647;
			files = (
				608DF1072913DF19005B0DE5 /* CSTV.plist in Resources */,
				60A3EE30290EA17A009C2C85 /* LaunchScreen.storyboard in Resources */,
				60A3EE2D290EA17A009C2C85 /* Assets.xcassets in Resources */,
			);
			runOnlyForDeploymentPostprocessing = 0;
		};
		60A3EE34290EA17C009C2C85 /* Resources */ = {
			isa = PBXResourcesBuildPhase;
			buildActionMask = 2147483647;
			files = (
			);
			runOnlyForDeploymentPostprocessing = 0;
		};
/* End PBXResourcesBuildPhase section */

/* Begin PBXSourcesBuildPhase section */
		60A3EE1C290EA176009C2C85 /* Sources */ = {
			isa = PBXSourcesBuildPhase;
			buildActionMask = 2147483647;
			files = (
				602A80B12912EBCC0081A35A /* TeamDetailsViewController.swift in Sources */,
				60B827F8290FE0D4005A70F3 /* UIViewController+Spinner.swift in Sources */,
				60A3EE6E290EE370009C2C85 /* TeamDetails.swift in Sources */,
				608DF1032913C755005B0DE5 /* PlayerView.swift in Sources */,
				60B827F5290FD4A9005A70F3 /* MatchesListViewModel.swift in Sources */,
				602A80B52912F2F90081A35A /* TeamDetailsCoordinator.swift in Sources */,
				60A3EE55290EA74D009C2C85 /* Coordinator.swift in Sources */,
				60A3EE62290EAF4D009C2C85 /* NetworkError.swift in Sources */,
				60A3EE28290EA176009C2C85 /* MatchesListViewController.swift in Sources */,
				60A3EE59290EA825009C2C85 /* MatchesListCoordinator.swift in Sources */,
				602A80B32912EC1D0081A35A /* TeamDetailsViewModel.swift in Sources */,
				60A3EE66290EB312009C2C85 /* Endpoint.swift in Sources */,
				60A3EE64290EAF58009C2C85 /* HttpMethod.swift in Sources */,
				60C9DE6E2912FF18007C1D05 /* TeamDetailsDisplay.swift in Sources */,
				60B827FD290FE2A7005A70F3 /* UIViewController+Alert.swift in Sources */,
				601168DD2912973B00BC4EB9 /* String+Date.swift in Sources */,
				601168DB2912860000BC4EB9 /* MatchesListDisplay.swift in Sources */,
				608282B72911323F007C7F49 /* LeagueComponent.swift in Sources */,
				60A3EE57290EA772009C2C85 /* AppCoordinator.swift in Sources */,
				60B82802290FF06E005A70F3 /* UIColor.swift in Sources */,
				60A3EE68290EBBC2009C2C85 /* MatchesListService.swift in Sources */,
				60B827FB290FE10B005A70F3 /* MatchesListCell.swift in Sources */,
				608282BB291145B8007C7F49 /* TimeView.swift in Sources */,
				60A3EE24290EA176009C2C85 /* AppDelegate.swift in Sources */,
				60A3EE6C290EBC7E009C2C85 /* Match.swift in Sources */,
				60A3EE70290EE4BD009C2C85 /* TeamDetailsService.swift in Sources */,
				60A3EE26290EA176009C2C85 /* SceneDelegate.swift in Sources */,
				608282B9291135A2007C7F49 /* UIView+RoundCorners.swift in Sources */,
				60A3EE60290EAAD9009C2C85 /* NetworkService.swift in Sources */,
				60B6DB182911C2FE007E886B /* BadgeComponent.swift in Sources */,
			);
			runOnlyForDeploymentPostprocessing = 0;
		};
		60A3EE32290EA17C009C2C85 /* Sources */ = {
			isa = PBXSourcesBuildPhase;
			buildActionMask = 2147483647;
			files = (
				60A3EE3B290EA17C009C2C85 /* CSTVTests.swift in Sources */,
			);
			runOnlyForDeploymentPostprocessing = 0;
		};
/* End PBXSourcesBuildPhase section */

/* Begin PBXTargetDependency section */
		60A3EE38290EA17C009C2C85 /* PBXTargetDependency */ = {
			isa = PBXTargetDependency;
			target = 60A3EE1F290EA176009C2C85 /* CSTV */;
			targetProxy = 60A3EE37290EA17C009C2C85 /* PBXContainerItemProxy */;
		};
/* End PBXTargetDependency section */

/* Begin PBXVariantGroup section */
		60A3EE2E290EA17A009C2C85 /* LaunchScreen.storyboard */ = {
			isa = PBXVariantGroup;
			children = (
				60A3EE2F290EA17A009C2C85 /* Base */,
			);
			name = LaunchScreen.storyboard;
			sourceTree = "<group>";
		};
/* End PBXVariantGroup section */

/* Begin XCBuildConfiguration section */
		60A3EE48290EA17C009C2C85 /* Debug */ = {
			isa = XCBuildConfiguration;
			buildSettings = {
				ALWAYS_SEARCH_USER_PATHS = NO;
				CLANG_ANALYZER_NONNULL = YES;
				CLANG_ANALYZER_NUMBER_OBJECT_CONVERSION = YES_AGGRESSIVE;
				CLANG_CXX_LANGUAGE_STANDARD = "gnu++20";
				CLANG_ENABLE_MODULES = YES;
				CLANG_ENABLE_OBJC_ARC = YES;
				CLANG_ENABLE_OBJC_WEAK = YES;
				CLANG_WARN_BLOCK_CAPTURE_AUTORELEASING = YES;
				CLANG_WARN_BOOL_CONVERSION = YES;
				CLANG_WARN_COMMA = YES;
				CLANG_WARN_CONSTANT_CONVERSION = YES;
				CLANG_WARN_DEPRECATED_OBJC_IMPLEMENTATIONS = YES;
				CLANG_WARN_DIRECT_OBJC_ISA_USAGE = YES_ERROR;
				CLANG_WARN_DOCUMENTATION_COMMENTS = YES;
				CLANG_WARN_EMPTY_BODY = YES;
				CLANG_WARN_ENUM_CONVERSION = YES;
				CLANG_WARN_INFINITE_RECURSION = YES;
				CLANG_WARN_INT_CONVERSION = YES;
				CLANG_WARN_NON_LITERAL_NULL_CONVERSION = YES;
				CLANG_WARN_OBJC_IMPLICIT_RETAIN_SELF = YES;
				CLANG_WARN_OBJC_LITERAL_CONVERSION = YES;
				CLANG_WARN_OBJC_ROOT_CLASS = YES_ERROR;
				CLANG_WARN_QUOTED_INCLUDE_IN_FRAMEWORK_HEADER = YES;
				CLANG_WARN_RANGE_LOOP_ANALYSIS = YES;
				CLANG_WARN_STRICT_PROTOTYPES = YES;
				CLANG_WARN_SUSPICIOUS_MOVE = YES;
				CLANG_WARN_UNGUARDED_AVAILABILITY = YES_AGGRESSIVE;
				CLANG_WARN_UNREACHABLE_CODE = YES;
				CLANG_WARN__DUPLICATE_METHOD_MATCH = YES;
				COPY_PHASE_STRIP = NO;
				DEBUG_INFORMATION_FORMAT = dwarf;
				ENABLE_STRICT_OBJC_MSGSEND = YES;
				ENABLE_TESTABILITY = YES;
				GCC_C_LANGUAGE_STANDARD = gnu11;
				GCC_DYNAMIC_NO_PIC = NO;
				GCC_NO_COMMON_BLOCKS = YES;
				GCC_OPTIMIZATION_LEVEL = 0;
				GCC_PREPROCESSOR_DEFINITIONS = (
					"DEBUG=1",
					"$(inherited)",
				);
				GCC_WARN_64_TO_32_BIT_CONVERSION = YES;
				GCC_WARN_ABOUT_RETURN_TYPE = YES_ERROR;
				GCC_WARN_UNDECLARED_SELECTOR = YES;
				GCC_WARN_UNINITIALIZED_AUTOS = YES_AGGRESSIVE;
				GCC_WARN_UNUSED_FUNCTION = YES;
				GCC_WARN_UNUSED_VARIABLE = YES;
				IBSC_FLATTEN_NIBS = YES;
				IPHONEOS_DEPLOYMENT_TARGET = 16.0;
				MTL_ENABLE_DEBUG_INFO = INCLUDE_SOURCE;
				MTL_FAST_MATH = YES;
				ONLY_ACTIVE_ARCH = YES;
				SDKROOT = iphoneos;
				SWIFT_ACTIVE_COMPILATION_CONDITIONS = DEBUG;
				SWIFT_OPTIMIZATION_LEVEL = "-Onone";
			};
			name = Debug;
		};
		60A3EE49290EA17C009C2C85 /* Release */ = {
			isa = XCBuildConfiguration;
			buildSettings = {
				ALWAYS_SEARCH_USER_PATHS = NO;
				CLANG_ANALYZER_NONNULL = YES;
				CLANG_ANALYZER_NUMBER_OBJECT_CONVERSION = YES_AGGRESSIVE;
				CLANG_CXX_LANGUAGE_STANDARD = "gnu++20";
				CLANG_ENABLE_MODULES = YES;
				CLANG_ENABLE_OBJC_ARC = YES;
				CLANG_ENABLE_OBJC_WEAK = YES;
				CLANG_WARN_BLOCK_CAPTURE_AUTORELEASING = YES;
				CLANG_WARN_BOOL_CONVERSION = YES;
				CLANG_WARN_COMMA = YES;
				CLANG_WARN_CONSTANT_CONVERSION = YES;
				CLANG_WARN_DEPRECATED_OBJC_IMPLEMENTATIONS = YES;
				CLANG_WARN_DIRECT_OBJC_ISA_USAGE = YES_ERROR;
				CLANG_WARN_DOCUMENTATION_COMMENTS = YES;
				CLANG_WARN_EMPTY_BODY = YES;
				CLANG_WARN_ENUM_CONVERSION = YES;
				CLANG_WARN_INFINITE_RECURSION = YES;
				CLANG_WARN_INT_CONVERSION = YES;
				CLANG_WARN_NON_LITERAL_NULL_CONVERSION = YES;
				CLANG_WARN_OBJC_IMPLICIT_RETAIN_SELF = YES;
				CLANG_WARN_OBJC_LITERAL_CONVERSION = YES;
				CLANG_WARN_OBJC_ROOT_CLASS = YES_ERROR;
				CLANG_WARN_QUOTED_INCLUDE_IN_FRAMEWORK_HEADER = YES;
				CLANG_WARN_RANGE_LOOP_ANALYSIS = YES;
				CLANG_WARN_STRICT_PROTOTYPES = YES;
				CLANG_WARN_SUSPICIOUS_MOVE = YES;
				CLANG_WARN_UNGUARDED_AVAILABILITY = YES_AGGRESSIVE;
				CLANG_WARN_UNREACHABLE_CODE = YES;
				CLANG_WARN__DUPLICATE_METHOD_MATCH = YES;
				COPY_PHASE_STRIP = NO;
				DEBUG_INFORMATION_FORMAT = "dwarf-with-dsym";
				ENABLE_NS_ASSERTIONS = NO;
				ENABLE_STRICT_OBJC_MSGSEND = YES;
				GCC_C_LANGUAGE_STANDARD = gnu11;
				GCC_NO_COMMON_BLOCKS = YES;
				GCC_WARN_64_TO_32_BIT_CONVERSION = YES;
				GCC_WARN_ABOUT_RETURN_TYPE = YES_ERROR;
				GCC_WARN_UNDECLARED_SELECTOR = YES;
				GCC_WARN_UNINITIALIZED_AUTOS = YES_AGGRESSIVE;
				GCC_WARN_UNUSED_FUNCTION = YES;
				GCC_WARN_UNUSED_VARIABLE = YES;
				IBSC_FLATTEN_NIBS = YES;
				IPHONEOS_DEPLOYMENT_TARGET = 16.0;
				MTL_ENABLE_DEBUG_INFO = NO;
				MTL_FAST_MATH = YES;
				SDKROOT = iphoneos;
				SWIFT_COMPILATION_MODE = wholemodule;
				SWIFT_OPTIMIZATION_LEVEL = "-O";
				VALIDATE_PRODUCT = YES;
			};
			name = Release;
		};
		60A3EE4B290EA17C009C2C85 /* Debug */ = {
			isa = XCBuildConfiguration;
			buildSettings = {
				ASSETCATALOG_COMPILER_APPICON_NAME = AppIcon;
				ASSETCATALOG_COMPILER_GLOBAL_ACCENT_COLOR_NAME = AccentColor;
				CODE_SIGN_STYLE = Automatic;
				CURRENT_PROJECT_VERSION = 1;
				DEVELOPMENT_TEAM = PP645U6956;
				GENERATE_INFOPLIST_FILE = YES;
				INFOPLIST_FILE = CSTV/Info.plist;
				INFOPLIST_KEY_UIApplicationSupportsIndirectInputEvents = YES;
				INFOPLIST_KEY_UILaunchStoryboardName = LaunchScreen.storyboard;
				INFOPLIST_KEY_UIStatusBarStyle = UIStatusBarStyleLightContent;
				INFOPLIST_KEY_UISupportedInterfaceOrientations_iPad = "UIInterfaceOrientationPortrait UIInterfaceOrientationPortraitUpsideDown UIInterfaceOrientationLandscapeLeft UIInterfaceOrientationLandscapeRight";
				INFOPLIST_KEY_UISupportedInterfaceOrientations_iPhone = "UIInterfaceOrientationPortrait UIInterfaceOrientationLandscapeLeft UIInterfaceOrientationLandscapeRight";
				INFOPLIST_KEY_UIUserInterfaceStyle = Dark;
				IPHONEOS_DEPLOYMENT_TARGET = 15.1;
				LD_RUNPATH_SEARCH_PATHS = (
					"$(inherited)",
					"@executable_path/Frameworks",
				);
				MARKETING_VERSION = 1.0;
				PRODUCT_BUNDLE_IDENTIFIER = com.giovane.CSTV;
				PRODUCT_NAME = "$(TARGET_NAME)";
				SWIFT_EMIT_LOC_STRINGS = YES;
				SWIFT_VERSION = 5.0;
				TARGETED_DEVICE_FAMILY = "1,2";
			};
			name = Debug;
		};
		60A3EE4C290EA17C009C2C85 /* Release */ = {
			isa = XCBuildConfiguration;
			buildSettings = {
				ASSETCATALOG_COMPILER_APPICON_NAME = AppIcon;
				ASSETCATALOG_COMPILER_GLOBAL_ACCENT_COLOR_NAME = AccentColor;
				CODE_SIGN_STYLE = Automatic;
				CURRENT_PROJECT_VERSION = 1;
				DEVELOPMENT_TEAM = PP645U6956;
				GENERATE_INFOPLIST_FILE = YES;
				INFOPLIST_FILE = CSTV/Info.plist;
				INFOPLIST_KEY_UIApplicationSupportsIndirectInputEvents = YES;
				INFOPLIST_KEY_UILaunchStoryboardName = LaunchScreen.storyboard;
				INFOPLIST_KEY_UIStatusBarStyle = UIStatusBarStyleLightContent;
				INFOPLIST_KEY_UISupportedInterfaceOrientations_iPad = "UIInterfaceOrientationPortrait UIInterfaceOrientationPortraitUpsideDown UIInterfaceOrientationLandscapeLeft UIInterfaceOrientationLandscapeRight";
				INFOPLIST_KEY_UISupportedInterfaceOrientations_iPhone = "UIInterfaceOrientationPortrait UIInterfaceOrientationLandscapeLeft UIInterfaceOrientationLandscapeRight";
				INFOPLIST_KEY_UIUserInterfaceStyle = Dark;
				IPHONEOS_DEPLOYMENT_TARGET = 15.1;
				LD_RUNPATH_SEARCH_PATHS = (
					"$(inherited)",
					"@executable_path/Frameworks",
				);
				MARKETING_VERSION = 1.0;
				PRODUCT_BUNDLE_IDENTIFIER = com.giovane.CSTV;
				PRODUCT_NAME = "$(TARGET_NAME)";
				SWIFT_EMIT_LOC_STRINGS = YES;
				SWIFT_VERSION = 5.0;
				TARGETED_DEVICE_FAMILY = "1,2";
			};
			name = Release;
		};
		60A3EE4E290EA17C009C2C85 /* Debug */ = {
			isa = XCBuildConfiguration;
			buildSettings = {
				ALWAYS_EMBED_SWIFT_STANDARD_LIBRARIES = YES;
				BUNDLE_LOADER = "$(TEST_HOST)";
				CODE_SIGN_STYLE = Automatic;
				CURRENT_PROJECT_VERSION = 1;
				DEVELOPMENT_TEAM = PP645U6956;
				GENERATE_INFOPLIST_FILE = YES;
				IPHONEOS_DEPLOYMENT_TARGET = 16.0;
				MARKETING_VERSION = 1.0;
				PRODUCT_BUNDLE_IDENTIFIER = com.giovane.CSTVTests;
				PRODUCT_NAME = "$(TARGET_NAME)";
				SWIFT_EMIT_LOC_STRINGS = NO;
				SWIFT_VERSION = 5.0;
				TARGETED_DEVICE_FAMILY = "1,2";
				TEST_HOST = "$(BUILT_PRODUCTS_DIR)/CSTV.app/$(BUNDLE_EXECUTABLE_FOLDER_PATH)/CSTV";
			};
			name = Debug;
		};
		60A3EE4F290EA17C009C2C85 /* Release */ = {
			isa = XCBuildConfiguration;
			buildSettings = {
				ALWAYS_EMBED_SWIFT_STANDARD_LIBRARIES = YES;
				BUNDLE_LOADER = "$(TEST_HOST)";
				CODE_SIGN_STYLE = Automatic;
				CURRENT_PROJECT_VERSION = 1;
				DEVELOPMENT_TEAM = PP645U6956;
				GENERATE_INFOPLIST_FILE = YES;
				IPHONEOS_DEPLOYMENT_TARGET = 16.0;
				MARKETING_VERSION = 1.0;
				PRODUCT_BUNDLE_IDENTIFIER = com.giovane.CSTVTests;
				PRODUCT_NAME = "$(TARGET_NAME)";
				SWIFT_EMIT_LOC_STRINGS = NO;
				SWIFT_VERSION = 5.0;
				TARGETED_DEVICE_FAMILY = "1,2";
				TEST_HOST = "$(BUILT_PRODUCTS_DIR)/CSTV.app/$(BUNDLE_EXECUTABLE_FOLDER_PATH)/CSTV";
			};
			name = Release;
		};
/* End XCBuildConfiguration section */

/* Begin XCConfigurationList section */
		60A3EE1B290EA176009C2C85 /* Build configuration list for PBXProject "CSTV" */ = {
			isa = XCConfigurationList;
			buildConfigurations = (
				60A3EE48290EA17C009C2C85 /* Debug */,
				60A3EE49290EA17C009C2C85 /* Release */,
			);
			defaultConfigurationIsVisible = 0;
			defaultConfigurationName = Release;
		};
		60A3EE4A290EA17C009C2C85 /* Build configuration list for PBXNativeTarget "CSTV" */ = {
			isa = XCConfigurationList;
			buildConfigurations = (
				60A3EE4B290EA17C009C2C85 /* Debug */,
				60A3EE4C290EA17C009C2C85 /* Release */,
			);
			defaultConfigurationIsVisible = 0;
			defaultConfigurationName = Release;
		};
		60A3EE4D290EA17C009C2C85 /* Build configuration list for PBXNativeTarget "CSTVTests" */ = {
			isa = XCConfigurationList;
			buildConfigurations = (
				60A3EE4E290EA17C009C2C85 /* Debug */,
				60A3EE4F290EA17C009C2C85 /* Release */,
			);
			defaultConfigurationIsVisible = 0;
			defaultConfigurationName = Release;
		};
/* End XCConfigurationList section */

/* Begin XCRemoteSwiftPackageReference section */
		602A803D2912C4CE0081A35A /* XCRemoteSwiftPackageReference "SDWebImage" */ = {
			isa = XCRemoteSwiftPackageReference;
			repositoryURL = "https://github.com/SDWebImage/SDWebImage.git";
			requirement = {
				kind = upToNextMajorVersion;
				minimumVersion = 5.0.0;
			};
		};
		60B827FE290FE4B6005A70F3 /* XCRemoteSwiftPackageReference "Kingfisher" */ = {
			isa = XCRemoteSwiftPackageReference;
			repositoryURL = "https://github.com/onevcat/Kingfisher.git";
			requirement = {
				kind = upToNextMajorVersion;
				minimumVersion = 7.0.0;
			};
		};
/* End XCRemoteSwiftPackageReference section */

/* Begin XCSwiftPackageProductDependency section */
		60B827FF290FE4B6005A70F3 /* Kingfisher */ = {
			isa = XCSwiftPackageProductDependency;
			package = 60B827FE290FE4B6005A70F3 /* XCRemoteSwiftPackageReference "Kingfisher" */;
			productName = Kingfisher;
		};
/* End XCSwiftPackageProductDependency section */
	};
	rootObject = 60A3EE18290EA176009C2C85 /* Project object */;
}
